{
  "version": 1,
  "dependencies": {
    "net7.0-windows7.0": {
      "JetBrains.Annotations": {
        "type": "Direct",
        "requested": "[2022.3.1, )",
        "resolved": "2022.3.1",
        "contentHash": "11nsS3+lFICGkztVs9PP2NRItxf9fF+qD6xEW/T0YGto52zj07wseUeBdMAU1ah9HNVTDZyRC1u4NWdtJScwhw=="
      },
      "Microsoft.SourceLink.GitHub": {
        "type": "Direct",
        "requested": "[1.1.1, )",
        "resolved": "1.1.1",
        "contentHash": "IaJGnOv/M7UQjRJks7B6p7pbPnOwisYGOIzqCz5ilGFTApZ3ktOR+6zJ12ZRPInulBmdAf1SrGdDG2MU8g6XTw==",
        "dependencies": {
          "Microsoft.Build.Tasks.Git": "1.1.1",
          "Microsoft.SourceLink.Common": "1.1.1"
        }
      },
      "CliWrap": {
        "type": "Transitive",
        "resolved": "3.6.3",
        "contentHash": "z0fxJnrwkARqINdjTj/zeCjF/PBkmahoh8ap6Itdf5yCnFNhwnHHbEaOlklXccsIYHTZMZgHIOCVUpKnd2dovQ=="
      },
      "Microsoft.Build.Tasks.Git": {
        "type": "Transitive",
        "resolved": "1.1.1",
        "contentHash": "AT3HlgTjsqHnWpBHSNeR0KxbLZD7bztlZVj7I8vgeYG9SYqbeFGh0TM/KVtC6fg53nrWHl3VfZFvb5BiQFcY6Q=="
      },
      "Microsoft.Extensions.Configuration": {
        "type": "Transitive",
        "resolved": "7.0.0",
        "contentHash": "tldQUBWt/xeH2K7/hMPPo5g8zuLc3Ro9I5d4o/XrxvxOCA2EZBtW7bCHHTc49fcBtvB8tLAb/Qsmfrq+2SJ4vA==",
        "dependencies": {
          "Microsoft.Extensions.Configuration.Abstractions": "7.0.0",
          "Microsoft.Extensions.Primitives": "7.0.0"
        }
      },
      "Microsoft.Extensions.Configuration.Abstractions": {
        "type": "Transitive",
        "resolved": "7.0.0",
        "contentHash": "f34u2eaqIjNO9YLHBz8rozVZ+TcFiFs0F3r7nUJd7FRkVSxk8u4OpoK226mi49MwexHOR2ibP9MFvRUaLilcQQ==",
        "dependencies": {
          "Microsoft.Extensions.Primitives": "7.0.0"
        }
      },
      "Microsoft.Extensions.Primitives": {
        "type": "Transitive",
        "resolved": "7.0.0",
        "contentHash": "um1KU5kxcRp3CNuI8o/GrZtD4AIOXDk+RLsytjZ9QPok3ttLUelLKpilVPuaFT3TFjOhSibUAso0odbOaCDj3Q=="
      },
      "Microsoft.SourceLink.Common": {
        "type": "Transitive",
        "resolved": "1.1.1",
        "contentHash": "WMcGpWKrmJmzrNeuaEb23bEMnbtR/vLmvZtkAP5qWu7vQsY59GqfRJd65sFpBszbd2k/bQ8cs8eWawQKAabkVg=="
      },
      "Newtonsoft.Json": {
        "type": "Transitive",
        "resolved": "13.0.3",
        "contentHash": "HrC5BXdl00IP9zeV+0Z848QWPAoCr9P3bDEZguI+gkLcBKAOxix/tLEAAHC+UvDNPv4a2d18lOReHMOagPa+zQ=="
      },
      "Serilog": {
        "type": "Transitive",
        "resolved": "2.12.0",
        "contentHash": "xaiJLIdu6rYMKfQMYUZgTy8YK7SMZjB4Yk50C/u//Z4OsvxkUfSPJy4nknfvwAC34yr13q7kcyh4grbwhSxyZg=="
      },
      "arbor.jira.core": {
        "type": "Project",
        "dependencies": {
          "CliWrap": "[3.6.3, )",
          "JetBrains.Annotations": "[2022.3.1, )",
          "Microsoft.Extensions.Configuration": "[7.0.0, )",
          "Newtonsoft.Json": "[13.0.3, )",
          "Serilog": "[2.12.0, )"
        }
      }
    },
    "net7.0-windows7.0/win-x64": {}
  }
}