{
  "version": 1,
  "dependencies": {
    "net5.0-windows7.0": {
      "JetBrains.Annotations": {
        "type": "Direct",
        "requested": "[2020.2.0-eap, )",
        "resolved": "2020.2.0-eap",
        "contentHash": "xyihHe8f5T5KU389nBd4cjtZZLtx7lT7sFl1OhXEMdyUWX0tCpGyI4r/ank5BCBhUKd8JV3dXu/LKNedOEdZXA=="
      },
      "Microsoft.SourceLink.GitHub": {
        "type": "Direct",
        "requested": "[1.1.0-beta-20204-02, )",
        "resolved": "1.1.0-beta-20204-02",
        "contentHash": "nVB0LiCn+q0eprqpQ9BeZ6xMdIobiRTwZlrvyAYDv4Zprek5BUHJ8usXUEtJlCTqQYF5HvLgvwf361jCkhmXCg==",
        "dependencies": {
          "Microsoft.Build.Tasks.Git": "1.1.0-beta-20204-02",
          "Microsoft.SourceLink.Common": "1.1.0-beta-20204-02"
        }
      },
      "Microsoft.Build.Tasks.Git": {
        "type": "Transitive",
        "resolved": "1.1.0-beta-20204-02",
        "contentHash": "T7mMbmgoT3XXKrXbLeEj6D9fQLZDmF/T8W5NQsrlcfQ24nOLrkr1Cst9cmI44zIH16rIo+4ws0tEqUN+Jw5Iag=="
      },
      "Microsoft.Extensions.Configuration": {
        "type": "Transitive",
        "resolved": "5.0.0-preview.8.20407.11",
        "contentHash": "m+dRgpwZzfRKshodBpHV4i8htAlSL7W+8FkZeJL0GCE9wmaWaoQUdrCY3ZIvOeOF9LRwFve9HFrtSZyhve4SCg==",
        "dependencies": {
          "Microsoft.Extensions.Configuration.Abstractions": "5.0.0-preview.8.20407.11",
          "Microsoft.Extensions.Primitives": "5.0.0-preview.8.20407.11"
        }
      },
      "Microsoft.Extensions.Configuration.Abstractions": {
        "type": "Transitive",
        "resolved": "5.0.0-preview.8.20407.11",
        "contentHash": "wqV62CpJKBowPH81Itsh5LHRGq9l22Kn1aNdyXhz2QoUFhtmsGpVfiR265Wpi5nHFNZs6qYr3enwPYo1HMD+GQ==",
        "dependencies": {
          "Microsoft.Extensions.Primitives": "5.0.0-preview.8.20407.11"
        }
      },
      "Microsoft.Extensions.Primitives": {
        "type": "Transitive",
        "resolved": "5.0.0-preview.8.20407.11",
        "contentHash": "jHhNLjKTRugsRoOqI/dnh+dKr+xxlKjYDHKulTpcvJqq0cOlUGhhGxnyCMJ2C2jLKFdORa0zF8lUb4Y4wh13Pg=="
      },
      "Microsoft.SourceLink.Common": {
        "type": "Transitive",
        "resolved": "1.1.0-beta-20204-02",
        "contentHash": "3tLuYVu7iPSUGVgSygxZnN4q6ZdXFbKd2A/1Zgva5i6VMoVXoTJwggKVZTGyemlWriziOwY76I5MZI+vnJ8ztA=="
      },
      "Newtonsoft.Json": {
        "type": "Transitive",
        "resolved": "12.0.3",
        "contentHash": "6mgjfnRB4jKMlzHSl+VD+oUc1IebOZabkbyWj2RiTgWwYPPuaK1H97G1sHqGwPlS5npiF5Q0OrxN1wni2n5QWg=="
      },
      "Serilog": {
        "type": "Transitive",
        "resolved": "2.9.0",
        "contentHash": "QzcrD33A3+CsVvwi1I5CSei67ikQnkGrw7SscgL+vZTghaC2aNYg8fiUcedXHzKJFNjgje9rBjzwYGQTKEaXaA=="
      },
      "arbor.jira.core": {
        "type": "Project",
        "dependencies": {
          "JetBrains.Annotations": "2020.2.0-eap",
          "Microsoft.Extensions.Configuration": "5.0.0-preview.8.20407.11",
          "Newtonsoft.Json": "12.0.3",
          "Serilog": "2.9.0"
        }
      }
    }
  }
}